<?xml version="1.0" encoding="utf-8"?>
<Project ToolsVersion="4.0" xmlns="http://schemas.microsoft.com/developer/msbuild/2003">
  <ItemGroup>
    <ClCompile Include="..\..\..\..\src\dolphin\bitboard.cpp">
      <Filter>src</Filter>
    </ClCompile>
    <ClCompile Include="..\..\..\..\src\dolphin\hash_mask.cpp">
      <Filter>src</Filter>
    </ClCompile>
    <ClCompile Include="..\..\..\..\src\dolphin\hash_table.cpp">
      <Filter>src</Filter>
    </ClCompile>
    <ClCompile Include="..\..\..\..\src\dolphin\my_random.cpp">
      <Filter>src</Filter>
    </ClCompile>
    <ClCompile Include="..\..\..\..\src\dolphin\search_engine.cpp">
      <Filter>src</Filter>
    </ClCompile>
    <ClCompile Include="..\..\..\..\src\dolphin\sys_random.cpp">
      <Filter>src</Filter>
    </ClCompile>
  </ItemGroup>
  <ItemGroup>
    <ClInclude Include="..\..\..\..\include\dolphin\board.h">
      <Filter>include</Filter>
    </ClInclude>
    <ClInclude Include="..\..\..\..\include\dolphin\colour.h">
      <Filter>include</Filter>
    </ClInclude>
    <ClInclude Include="..\..\..\..\include\dolphin\dolphin.h">
      <Filter>include</Filter>
    </ClInclude>
    <ClInclude Include="..\..\..\..\include\dolphin\hash_mask.h">
      <Filter>include</Filter>
    </ClInclude>
    <ClInclude Include="..\..\..\..\include\dolphin\hash_table.h">
      <Filter>include</Filter>
    </ClInclude>
    <ClInclude Include="..\..\..\..\include\dolphin\my_random.h">
      <Filter>include</Filter>
    </ClInclude>
    <ClInclude Include="..\..\..\..\include\dolphin\search_engine.h">
      <Filter>include</Filter>
    </ClInclude>
    <ClInclude Include="..\..\..\..\include\dolphin\vs\stdint.h">
      <Filter>include</Filter>
    </ClInclude>
    <ClInclude Include="..\..\..\..\include\dolphin\machine\windows_api.h">
      <Filter>include</Filter>
    </ClInclude>
    <ClInclude Include="..\..\..\..\include\dolphin\sys_random.h">
      <Filter>include</Filter>
    </ClInclude>
    <ClInclude Include="..\..\..\..\include\dolphin\bitboard.h">
      <Filter>include</Filter>
    </ClInclude>
    <ClInclude Include="..\..\..\..\include\dolphin\dol_stddef.h">
      <Filter>include</Filter>
    </ClInclude>
    <ClInclude Include="..\..\..\..\res\dolphin\vc2010\resource.h">
      <Filter>res</Filter>
    </ClInclude>
  </ItemGroup>
  <ItemGroup>
    <None Include="ReadMe.txt" />
  </ItemGroup>
  <ItemGroup>
    <Filter Include="include">
      <UniqueIdentifier>{e744653e-be48-42a2-900b-23225f12cf61}</UniqueIdentifier>
    </Filter>
    <Filter Include="src">
      <UniqueIdentifier>{253ebf50-f39d-4275-840d-8268ab6af6ae}</UniqueIdentifier>
    </Filter>
    <Filter Include="res">
      <UniqueIdentifier>{002c86e6-157e-468f-8c8f-f07de1bc7568}</UniqueIdentifier>
    </Filter>
  </ItemGroup>
  <ItemGroup>
    <ResourceCompile Include="..\..\..\..\res\dolphin\vc2010\lib_dolphin.rc">
      <Filter>res</Filter>
    </ResourceCompile>
  </ItemGroup>
</Project>