<?xml version="1.0" encoding="utf-8"?>
<Project ToolsVersion="4.0" xmlns="http://schemas.microsoft.com/developer/msbuild/2003">
  <ItemGroup>
    <ClInclude Include="..\..\..\..\include\dolphin_con\dolphin_main.h">
      <Filter>include</Filter>
    </ClInclude>
    <ClInclude Include="..\..\..\..\res\dolphin_con\vc2010\resource.h">
      <Filter>include</Filter>
    </ClInclude>
  </ItemGroup>
  <ItemGroup>
    <None Include="ReadMe.txt" />
  </ItemGroup>
  <ItemGroup>
    <Filter Include="include">
      <UniqueIdentifier>{913050a1-dd4c-4c50-9b81-8055120c125a}</UniqueIdentifier>
    </Filter>
    <Filter Include="src">
      <UniqueIdentifier>{41ec8163-a5d7-4c7f-9adb-f342cd5cebd5}</UniqueIdentifier>
    </Filter>
    <Filter Include="res">
      <UniqueIdentifier>{e3d64b3b-112d-467b-8365-829fefe790ae}</UniqueIdentifier>
    </Filter>
  </ItemGroup>
  <ItemGroup>
    <ResourceCompile Include="..\..\..\..\res\dolphin_con\vc2010\dolphin_console.rc">
      <Filter>res</Filter>
    </ResourceCompile>
  </ItemGroup>
  <ItemGroup>
    <ClCompile Include="..\..\..\..\src\dolphin_con\dolphin_main.cpp">
      <Filter>src</Filter>
    </ClCompile>
  </ItemGroup>
</Project>