<?xml version="1.0" encoding="utf-8"?>
<Project ToolsVersion="4.0" xmlns="http://schemas.microsoft.com/developer/msbuild/2003">
  <ItemGroup>
    <Filter Include="src">
      <UniqueIdentifier>{4FC737F1-C7A5-4376-A066-2A32D752A2FF}</UniqueIdentifier>
      <Extensions>cpp;c;cc;cxx;def;odl;idl;hpj;bat;asm;asmx</Extensions>
    </Filter>
    <Filter Include="include">
      <UniqueIdentifier>{93995380-89BD-4b04-88EB-625FBE52EBFB}</UniqueIdentifier>
      <Extensions>h;hpp;hxx;hm;inl;inc;xsd</Extensions>
    </Filter>
    <Filter Include="include\internal">
      <UniqueIdentifier>{e501ef3e-7719-4c4d-b922-835a5ae4a114}</UniqueIdentifier>
    </Filter>
    <Filter Include="include\machine">
      <UniqueIdentifier>{7b30eaac-a84a-4b31-8650-b6a4061c4c60}</UniqueIdentifier>
    </Filter>
    <Filter Include="include\vs">
      <UniqueIdentifier>{41de92cc-2cf4-4b74-a307-6ec109b67fdd}</UniqueIdentifier>
    </Filter>
    <Filter Include="res">
      <UniqueIdentifier>{67DA6AB6-F800-4c08-8B7A-83BB121AAD01}</UniqueIdentifier>
      <Extensions>rc;ico;cur;bmp;dlg;rc2;rct;bin;rgs;gif;jpg;jpeg;jpe;resx;tiff;tif;png;wav</Extensions>
    </Filter>
  </ItemGroup>
  <ItemGroup>
    <ClCompile Include="..\..\..\..\src\gmtl\cache_aligned.cpp">
      <Filter>src</Filter>
    </ClCompile>
    <ClCompile Include="..\..\..\..\src\gmtl\task.cpp">
      <Filter>src</Filter>
    </ClCompile>
    <ClCompile Include="..\..\..\..\src\gmtl\task_scheduler.cpp">
      <Filter>src</Filter>
    </ClCompile>
  </ItemGroup>
  <ItemGroup>
    <ClInclude Include="..\..\..\..\include\gmtl\aligned_space.h">
      <Filter>include</Filter>
    </ClInclude>
    <ClInclude Include="..\..\..\..\include\gmtl\atomic_g.h">
      <Filter>include</Filter>
    </ClInclude>
    <ClInclude Include="..\..\..\..\include\gmtl\cache_aligned.h">
      <Filter>include</Filter>
    </ClInclude>
    <ClInclude Include="..\..\..\..\include\gmtl\gmtl.h">
      <Filter>include</Filter>
    </ClInclude>
    <ClInclude Include="..\..\..\..\include\gmtl\gmtl_config.h">
      <Filter>include</Filter>
    </ClInclude>
    <ClInclude Include="..\..\..\..\include\gmtl\gmtl_machine.h">
      <Filter>include</Filter>
    </ClInclude>
    <ClInclude Include="..\..\..\..\include\gmtl\gmtl_stddef.h">
      <Filter>include</Filter>
    </ClInclude>
    <ClInclude Include="..\..\..\..\include\gmtl\itimer.h">
      <Filter>include</Filter>
    </ClInclude>
    <ClInclude Include="..\..\..\..\res\gmtl\vc2008\resource.h">
      <Filter>include</Filter>
    </ClInclude>
    <ClInclude Include="..\..\..\..\include\gmtl\scheduler.h">
      <Filter>include</Filter>
    </ClInclude>
    <ClInclude Include="..\..\..\..\include\gmtl\task.h">
      <Filter>include</Filter>
    </ClInclude>
    <ClInclude Include="..\..\..\..\include\gmtl\task_scheduler.h">
      <Filter>include</Filter>
    </ClInclude>
    <ClInclude Include="..\..\..\..\include\gmtl\tickcount.h">
      <Filter>include</Filter>
    </ClInclude>
    <ClInclude Include="..\..\..\..\include\gmtl\internal\_gmtl_windef.h">
      <Filter>include\internal</Filter>
    </ClInclude>
    <ClInclude Include="..\..\..\..\include\gmtl\machine\linux_ia32.h">
      <Filter>include\machine</Filter>
    </ClInclude>
    <ClInclude Include="..\..\..\..\include\gmtl\machine\windows_api.h">
      <Filter>include\machine</Filter>
    </ClInclude>
    <ClInclude Include="..\..\..\..\include\gmtl\machine\windows_ia32.h">
      <Filter>include\machine</Filter>
    </ClInclude>
    <ClInclude Include="..\..\..\..\include\gmtl\machine\windows_intel64.h">
      <Filter>include\machine</Filter>
    </ClInclude>
    <ClInclude Include="..\..\..\..\include\gmtl\vs\stdint.h">
      <Filter>include\vs</Filter>
    </ClInclude>
  </ItemGroup>
  <ItemGroup>
    <ResourceCompile Include="..\..\..\..\res\gmtl\vc2008\lib_gmtl.rc">
      <Filter>res</Filter>
    </ResourceCompile>
  </ItemGroup>
  <ItemGroup>
    <None Include="ReadMe.txt" />
  </ItemGroup>
</Project>